// !$*UTF8*$!
{
	archiveVersion = 1;
	classes = {
	};
	objectVersion = 46;
	objects = {

/* Begin PBXBuildFile section */
		05093C5B1DC97A69009D35EB /* 1.jpg in Resources */ = {isa = PBXBuildFile; fileRef = 05093C5A1DC97A69009D35EB /* 1.jpg */; };
		05447B971DC87C26006969EE /* AppDelegate.swift in Sources */ = {isa = PBXBuildFile; fileRef = 05447B961DC87C26006969EE /* AppDelegate.swift */; };
		05447B991DC87C26006969EE /* Assets.xcassets in Resources */ = {isa = PBXBuildFile; fileRef = 05447B981DC87C26006969EE /* Assets.xcassets */; };
		05447B9C1DC87C26006969EE /* LaunchScreen.storyboard in Resources */ = {isa = PBXBuildFile; fileRef = 05447B9A1DC87C26006969EE /* LaunchScreen.storyboard */; };
		05447BA41DC87C5F006969EE /* ViewModel.swift in Sources */ = {isa = PBXBuildFile; fileRef = 05447BA31DC87C5F006969EE /* ViewModel.swift */; };
		05447BA61DC87CFA006969EE /* YYWebImage.framework in Frameworks */ = {isa = PBXBuildFile; fileRef = 05447BA51DC87CFA006969EE /* YYWebImage.framework */; };
		05447BA71DC87CFA006969EE /* YYWebImage.framework in Embed Frameworks */ = {isa = PBXBuildFile; fileRef = 05447BA51DC87CFA006969EE /* YYWebImage.framework */; settings = {ATTRIBUTES = (CodeSignOnCopy, RemoveHeadersOnCopy, ); }; };
		05447BAA1DC87D1B006969EE /* RunImagesController.swift in Sources */ = {isa = PBXBuildFile; fileRef = 05447BA91DC87D1B006969EE /* RunImagesController.swift */; };
		05447BAC1DC87D71006969EE /* CycleImageView.swift in Sources */ = {isa = PBXBuildFile; fileRef = 05447BAB1DC87D71006969EE /* CycleImageView.swift */; };
/* End PBXBuildFile section */

/* Begin PBXCopyFilesBuildPhase section */
		05447BA81DC87CFA006969EE /* Embed Frameworks */ = {
			isa = PBXCopyFilesBuildPhase;
			buildActionMask = 2147483647;
			dstPath = "";
			dstSubfolderSpec = 10;
			files = (
				05447BA71DC87CFA006969EE /* YYWebImage.framework in Embed Frameworks */,
			);
			name = "Embed Frameworks";
			runOnlyForDeploymentPostprocessing = 0;
		};
/* End PBXCopyFilesBuildPhase section */

/* Begin PBXFileReference section */
		05093C5A1DC97A69009D35EB /* 1.jpg */ = {isa = PBXFileReference; lastKnownFileType = image.jpeg; path = 1.jpg; sourceTree = "<group>"; };
		05447B931DC87C26006969EE /* Run.app */ = {isa = PBXFileReference; explicitFileType = wrapper.application; includeInIndex = 0; path = Run.app; sourceTree = BUILT_PRODUCTS_DIR; };
		05447B961DC87C26006969EE /* AppDelegate.swift */ = {isa = PBXFileReference; lastKnownFileType = sourcecode.swift; path = AppDelegate.swift; sourceTree = "<group>"; };
		05447B981DC87C26006969EE /* Assets.xcassets */ = {isa = PBXFileReference; lastKnownFileType = folder.assetcatalog; path = Assets.xcassets; sourceTree = "<group>"; };
		05447B9B1DC87C26006969EE /* Base */ = {isa = PBXFileReference; lastKnownFileType = file.storyboard; name = Base; path = Base.lproj/LaunchScreen.storyboard; sourceTree = "<group>"; };
		05447B9D1DC87C26006969EE /* Info.plist */ = {isa = PBXFileReference; lastKnownFileType = text.plist.xml; path = Info.plist; sourceTree = "<group>"; };
		05447BA31DC87C5F006969EE /* ViewModel.swift */ = {isa = PBXFileReference; fileEncoding = 4; lastKnownFileType = sourcecode.swift; path = ViewModel.swift; sourceTree = "<group>"; };
		05447BA51DC87CFA006969EE /* YYWebImage.framework */ = {isa = PBXFileReference; lastKnownFileType = wrapper.framework; name = YYWebImage.framework; path = Carthage/Build/iOS/YYWebImage.framework; sourceTree = "<group>"; };
		05447BA91DC87D1B006969EE /* RunImagesController.swift */ = {isa = PBXFileReference; fileEncoding = 4; lastKnownFileType = sourcecode.swift; path = RunImagesController.swift; sourceTree = "<group>"; };
		05447BAB1DC87D71006969EE /* CycleImageView.swift */ = {isa = PBXFileReference; fileEncoding = 4; lastKnownFileType = sourcecode.swift; path = CycleImageView.swift; sourceTree = "<group>"; };
/* End PBXFileReference section */

/* Begin PBXFrameworksBuildPhase section */
		05447B901DC87C26006969EE /* Frameworks */ = {
			isa = PBXFrameworksBuildPhase;
			buildActionMask = 2147483647;
			files = (
				05447BA61DC87CFA006969EE /* YYWebImage.framework in Frameworks */,
			);
			runOnlyForDeploymentPostprocessing = 0;
		};
/* End PBXFrameworksBuildPhase section */

/* Begin PBXGroup section */
		05447B8A1DC87C26006969EE = {
			isa = PBXGroup;
			children = (
				05447BA51DC87CFA006969EE /* YYWebImage.framework */,
				05447B951DC87C26006969EE /* Run */,
				05447B941DC87C26006969EE /* Products */,
			);
			sourceTree = "<group>";
		};
		05447B941DC87C26006969EE /* Products */ = {
			isa = PBXGroup;
			children = (
				05447B931DC87C26006969EE /* Run.app */,
			);
			name = Products;
			sourceTree = "<group>";
		};
		05447B951DC87C26006969EE /* Run */ = {
			isa = PBXGroup;
			children = (
				05093C5A1DC97A69009D35EB /* 1.jpg */,
				05447B961DC87C26006969EE /* AppDelegate.swift */,
				05447BA91DC87D1B006969EE /* RunImagesController.swift */,
				05447BAB1DC87D71006969EE /* CycleImageView.swift */,
				05447BA31DC87C5F006969EE /* ViewModel.swift */,
				05447B981DC87C26006969EE /* Assets.xcassets */,
				05447B9A1DC87C26006969EE /* LaunchScreen.storyboard */,
				05447B9D1DC87C26006969EE /* Info.plist */,
			);
			path = Run;
			sourceTree = "<group>";
		};
/* End PBXGroup section */

/* Begin PBXNativeTarget section */
		05447B921DC87C26006969EE /* Run */ = {
			isa = PBXNativeTarget;
			buildConfigurationList = 05447BA01DC87C26006969EE /* Build configuration list for PBXNativeTarget "Run" */;
			buildPhases = (
				05447B8F1DC87C26006969EE /* Sources */,
				05447B901DC87C26006969EE /* Frameworks */,
				05447B911DC87C26006969EE /* Resources */,
				05447BA81DC87CFA006969EE /* Embed Frameworks */,
			);
			buildRules = (
			);
			dependencies = (
			);
			name = Run;
			productName = Run;
			productReference = 05447B931DC87C26006969EE /* Run.app */;
			productType = "com.apple.product-type.application";
		};
/* End PBXNativeTarget section */

/* Begin PBXProject section */
		05447B8B1DC87C26006969EE /* Project object */ = {
			isa = PBXProject;
			attributes = {
				LastSwiftUpdateCheck = 0730;
				LastUpgradeCheck = 0730;
				ORGANIZATIONNAME = ZhengGuiJie;
				TargetAttributes = {
					05447B921DC87C26006969EE = {
						CreatedOnToolsVersion = 7.3.1;
					};
				};
			};
			buildConfigurationList = 05447B8E1DC87C26006969EE /* Build configuration list for PBXProject "Run" */;
			compatibilityVersion = "Xcode 3.2";
			developmentRegion = English;
			hasScannedForEncodings = 0;
			knownRegions = (
				en,
				Base,
			);
			mainGroup = 05447B8A1DC87C26006969EE;
			productRefGroup = 05447B941DC87C26006969EE /* Products */;
			projectDirPath = "";
			projectRoot = "";
			targets = (
				05447B921DC87C26006969EE /* Run */,
			);
		};
/* End PBXProject section */

/* Begin PBXResourcesBuildPhase section */
		05447B911DC87C26006969EE /* Resources */ = {
			isa = PBXResourcesBuildPhase;
			buildActionMask = 2147483647;
			files = (
				05093C5B1DC97A69009D35EB /* 1.jpg in Resources */,
				05447B991DC87C26006969EE /* Assets.xcassets in Resources */,
				05447B9C1DC87C26006969EE /* LaunchScreen.storyboard in Resources */,
			);
			runOnlyForDeploymentPostprocessing = 0;
		};
/* End PBXResourcesBuildPhase section */

/* Begin PBXSourcesBuildPhase section */
		05447B8F1DC87C26006969EE /* Sources */ = {
			isa = PBXSourcesBuildPhase;
			buildActionMask = 2147483647;
			files = (
				05447BAC1DC87D71006969EE /* CycleImageView.swift in Sources */,
				05447BA41DC87C5F006969EE /* ViewModel.swift in Sources */,
				05447B971DC87C26006969EE /* AppDelegate.swift in Sources */,
				05447BAA1DC87D1B006969EE /* RunImagesController.swift in Sources */,
			);
			runOnlyForDeploymentPostprocessing = 0;
		};
/* End PBXSourcesBuildPhase section */

/* Begin PBXVariantGroup section */
		05447B9A1DC87C26006969EE /* LaunchScreen.storyboard */ = {
			isa = PBXVariantGroup;
			children = (
				05447B9B1DC87C26006969EE /* Base */,
			);
			name = LaunchScreen.storyboard;
			sourceTree = "<group>";
		};
/* End PBXVariantGroup section */

/* Begin XCBuildConfiguration section */
		05447B9E1DC87C26006969EE /* Debug */ = {
			isa = XCBuildConfiguration;
			buildSettings = {
				ALWAYS_SEARCH_USER_PATHS = NO;
				CLANG_ANALYZER_NONNULL = YES;
				CLANG_CXX_LANGUAGE_STANDARD = "gnu++0x";
				CLANG_CXX_LIBRARY = "libc++";
				CLANG_ENABLE_MODULES = YES;
				CLANG_ENABLE_OBJC_ARC = YES;
				CLANG_WARN_BOOL_CONVERSION = YES;
				CLANG_WARN_CONSTANT_CONVERSION = YES;
				CLANG_WARN_DIRECT_OBJC_ISA_USAGE = YES_ERROR;
				CLANG_WARN_EMPTY_BODY = YES;
				CLANG_WARN_ENUM_CONVERSION = YES;
				CLANG_WARN_INT_CONVERSION = YES;
				CLANG_WARN_OBJC_ROOT_CLASS = YES_ERROR;
				CLANG_WARN_UNREACHABLE_CODE = YES;
				CLANG_WARN__DUPLICATE_METHOD_MATCH = YES;
				"CODE_SIGN_IDENTITY[sdk=iphoneos*]" = "iPhone Developer";
				COPY_PHASE_STRIP = NO;
				DEBUG_INFORMATION_FORMAT = dwarf;
				ENABLE_STRICT_OBJC_MSGSEND = YES;
				ENABLE_TESTABILITY = YES;
				GCC_C_LANGUAGE_STANDARD = gnu99;
				GCC_DYNAMIC_NO_PIC = NO;
				GCC_NO_COMMON_BLOCKS = YES;
				GCC_OPTIMIZATION_LEVEL = 0;
				GCC_PREPROCESSOR_DEFINITIONS = (
					"DEBUG=1",
					"$(inherited)",
				);
				GCC_WARN_64_TO_32_BIT_CONVERSION = YES;
				GCC_WARN_ABOUT_RETURN_TYPE = YES_ERROR;
				GCC_WARN_UNDECLARED_SELECTOR = YES;
				GCC_WARN_UNINITIALIZED_AUTOS = YES_AGGRESSIVE;
				GCC_WARN_UNUSED_FUNCTION = YES;
				GCC_WARN_UNUSED_VARIABLE = YES;
				IPHONEOS_DEPLOYMENT_TARGET = 9.3;
				MTL_ENABLE_DEBUG_INFO = YES;
				ONLY_ACTIVE_ARCH = YES;
				SDKROOT = iphoneos;
				SWIFT_OPTIMIZATION_LEVEL = "-Onone";
			};
			name = Debug;
		};
		05447B9F1DC87C26006969EE /* Release */ = {
			isa = XCBuildConfiguration;
			buildSettings = {
				ALWAYS_SEARCH_USER_PATHS = NO;
				CLANG_ANALYZER_NONNULL = YES;
				CLANG_CXX_LANGUAGE_STANDARD = "gnu++0x";
				CLANG_CXX_LIBRARY = "libc++";
				CLANG_ENABLE_MODULES = YES;
				CLANG_ENABLE_OBJC_ARC = YES;
				CLANG_WARN_BOOL_CONVERSION = YES;
				CLANG_WARN_CONSTANT_CONVERSION = YES;
				CLANG_WARN_DIRECT_OBJC_ISA_USAGE = YES_ERROR;
				CLANG_WARN_EMPTY_BODY = YES;
				CLANG_WARN_ENUM_CONVERSION = YES;
				CLANG_WARN_INT_CONVERSION = YES;
				CLANG_WARN_OBJC_ROOT_CLASS = YES_ERROR;
				CLANG_WARN_UNREACHABLE_CODE = YES;
				CLANG_WARN__DUPLICATE_METHOD_MATCH = YES;
				"CODE_SIGN_IDENTITY[sdk=iphoneos*]" = "iPhone Developer";
				COPY_PHASE_STRIP = NO;
				DEBUG_INFORMATION_FORMAT = "dwarf-with-dsym";
				ENABLE_NS_ASSERTIONS = NO;
				ENABLE_STRICT_OBJC_MSGSEND = YES;
				GCC_C_LANGUAGE_STANDARD = gnu99;
				GCC_NO_COMMON_BLOCKS = YES;
				GCC_WARN_64_TO_32_BIT_CONVERSION = YES;
				GCC_WARN_ABOUT_RETURN_TYPE = YES_ERROR;
				GCC_WARN_UNDECLARED_SELECTOR = YES;
				GCC_WARN_UNINITIALIZED_AUTOS = YES_AGGRESSIVE;
				GCC_WARN_UNUSED_FUNCTION = YES;
				GCC_WARN_UNUSED_VARIABLE = YES;
				IPHONEOS_DEPLOYMENT_TARGET = 9.3;
				MTL_ENABLE_DEBUG_INFO = NO;
				SDKROOT = iphoneos;
				VALIDATE_PRODUCT = YES;
			};
			name = Release;
		};
		05447BA11DC87C26006969EE /* Debug */ = {
			isa = XCBuildConfiguration;
			buildSettings = {
				ASSETCATALOG_COMPILER_APPICON_NAME = AppIcon;
				FRAMEWORK_SEARCH_PATHS = (
					"$(inherited)",
					"$(PROJECT_DIR)/Carthage/Build/iOS",
				);
				INFOPLIST_FILE = Run/Info.plist;
				LD_RUNPATH_SEARCH_PATHS = "$(inherited) @executable_path/Frameworks";
				PRODUCT_BUNDLE_IDENTIFIER = shangshui.com.Run;
				PRODUCT_NAME = "$(TARGET_NAME)";
			};
			name = Debug;
		};
		05447BA21DC87C26006969EE /* Release */ = {
			isa = XCBuildConfiguration;
			buildSettings = {
				ASSETCATALOG_COMPILER_APPICON_NAME = AppIcon;
				FRAMEWORK_SEARCH_PATHS = (
					"$(inherited)",
					"$(PROJECT_DIR)/Carthage/Build/iOS",
				);
				INFOPLIST_FILE = Run/Info.plist;
				LD_RUNPATH_SEARCH_PATHS = "$(inherited) @executable_path/Frameworks";
				PRODUCT_BUNDLE_IDENTIFIER = shangshui.com.Run;
				PRODUCT_NAME = "$(TARGET_NAME)";
			};
			name = Release;
		};
/* End XCBuildConfiguration section */

/* Begin XCConfigurationList section */
		05447B8E1DC87C26006969EE /* Build configuration list for PBXProject "Run" */ = {
			isa = XCConfigurationList;
			buildConfigurations = (
				05447B9E1DC87C26006969EE /* Debug */,
				05447B9F1DC87C26006969EE /* Release */,
			);
			defaultConfigurationIsVisible = 0;
			defaultConfigurationName = Release;
		};
		05447BA01DC87C26006969EE /* Build configuration list for PBXNativeTarget "Run" */ = {
			isa = XCConfigurationList;
			buildConfigurations = (
				05447BA11DC87C26006969EE /* Debug */,
				05447BA21DC87C26006969EE /* Release */,
			);
			defaultConfigurationIsVisible = 0;
			defaultConfigurationName = Release;
		};
/* End XCConfigurationList section */
	};
	rootObject = 05447B8B1DC87C26006969EE /* Project object */;
}
